
Microsoft Visual Studio Solution File, Format Version 12.00
# Visual Studio Version 17
VisualStudioVersion = 17.11.35327.3
MinimumVisualStudioVersion = 10.0.40219.1
Project("{9A19103F-16F7-4668-BE54-9A1E7A4F7556}") = "FileRepoProcessor", "FileRepoProcessor\FileRepoProcessor.csproj", "{A0BF0539-1327-4DCA-BCBA-FC175C73290D}"
EndProject
Project("{9A19103F-16F7-4668-BE54-9A1E7A4F7556}") = "LoadBalancer", "LoadBalancer\LoadBalancer.csproj", "{AEB11933-C921-4A53-876C-FEC4CF26197F}"
EndProject
Project("{FAE04EC0-301F-11D3-BF4B-00C04F79EFBC}") = "SizeReducer", "SizeReducer\SizeReducer.csproj", "{543DCEA0-8AE8-4DEC-B749-DF021319C0C1}"
EndProject
Global
	GlobalSection(SolutionConfigurationPlatforms) = preSolution
		Debug|Any CPU = Debug|Any CPU
		Release|Any CPU = Release|Any CPU
	EndGlobalSection
	GlobalSection(ProjectConfigurationPlatforms) = postSolution
		{A0BF0539-1327-4DCA-BCBA-FC175C73290D}.Debug|Any CPU.ActiveCfg = Debug|Any CPU
		{A0BF0539-1327-4DCA-BCBA-FC175C73290D}.Debug|Any CPU.Build.0 = Debug|Any CPU
		{A0BF0539-1327-4DCA-BCBA-FC175C73290D}.Release|Any CPU.ActiveCfg = Release|Any CPU
		{A0BF0539-1327-4DCA-BCBA-FC175C73290D}.Release|Any CPU.Build.0 = Release|Any CPU
		{AEB11933-C921-4A53-876C-FEC4CF26197F}.Debug|Any CPU.ActiveCfg = Debug|Any CPU
		{AEB11933-C921-4A53-876C-FEC4CF26197F}.Debug|Any CPU.Build.0 = Debug|Any CPU
		{AEB11933-C921-4A53-876C-FEC4CF26197F}.Release|Any CPU.ActiveCfg = Release|Any CPU
		{AEB11933-C921-4A53-876C-FEC4CF26197F}.Release|Any CPU.Build.0 = Release|Any CPU
		{543DCEA0-8AE8-4DEC-B749-DF021319C0C1}.Debug|Any CPU.ActiveCfg = Debug|Any CPU
		{543DCEA0-8AE8-4DEC-B749-DF021319C0C1}.Debug|Any CPU.Build.0 = Debug|Any CPU
		{543DCEA0-8AE8-4DEC-B749-DF021319C0C1}.Release|Any CPU.ActiveCfg = Release|Any CPU
		{543DCEA0-8AE8-4DEC-B749-DF021319C0C1}.Release|Any CPU.Build.0 = Release|Any CPU
	EndGlobalSection
	GlobalSection(SolutionProperties) = preSolution
		HideSolutionNode = FALSE
	EndGlobalSection
	GlobalSection(ExtensibilityGlobals) = postSolution
		SolutionGuid = {0BDB77A1-0D2C-49D4-A35B-05B2392E2E90}
	EndGlobalSection
EndGlobal
